
Microsoft Visual Studio Solution File, Format Version 12.00
# Visual Studio Version 17
VisualStudioVersion = 17.3.32901.215
MinimumVisualStudioVersion = 10.0.40219.1
Project("{FAE04EC0-301F-11D3-BF4B-00C04F79EFBC}") = "Biomarkt GmbH", "Biomarkt GmbH\Biomarkt GmbH.csproj", "{0F424615-5F99-496C-90D1-D45DF8D665BA}"
EndProject
Global
	GlobalSection(SolutionConfigurationPlatforms) = preSolution
		Debug|Any CPU = Debug|Any CPU
		Release|Any CPU = Release|Any CPU
	EndGlobalSection
	GlobalSection(ProjectConfigurationPlatforms) = postSolution
		{0F424615-5F99-496C-90D1-D45DF8D665BA}.Debug|Any CPU.ActiveCfg = Debug|Any CPU
		{0F424615-5F99-496C-90D1-D45DF8D665BA}.Debug|Any CPU.Build.0 = Debug|Any CPU
		{0F424615-5F99-496C-90D1-D45DF8D665BA}.Release|Any CPU.ActiveCfg = Release|Any CPU
		{0F424615-5F99-496C-90D1-D45DF8D665BA}.Release|Any CPU.Build.0 = Release|Any CPU
	EndGlobalSection
	GlobalSection(SolutionProperties) = preSolution
		HideSolutionNode = FALSE
	EndGlobalSection
	GlobalSection(ExtensibilityGlobals) = postSolution
		SolutionGuid = {6ED6C05D-135A-4F64-B985-ADE2B5FE2106}
	EndGlobalSection
EndGlobal
